
Microsoft Visual Studio Solution File, Format Version 12.00
# Visual Studio Version 17
VisualStudioVersion = 17.10.35027.167
MinimumVisualStudioVersion = 10.0.40219.1
Project("{2150E333-8FDC-42A3-9474-1A3956D46DE8}") = "test", "test", "{3DD4F556-AF29-4270-8BC8-CC7D40047BEE}"
	ProjectSection(SolutionItems) = preProject
		xunit.runner.json = xunit.runner.json
	EndProjectSection
EndProject
Project("{2150E333-8FDC-42A3-9474-1A3956D46DE8}") = "UrlShortener.Application", "UrlShortener.Application", "{E3EDD15F-424B-437A-9B2E-648AA2BFEA15}"
EndProject
Project("{2150E333-8FDC-42A3-9474-1A3956D46DE8}") = "UrlShortener.Domain", "UrlShortener.Domain", "{C267D1B2-A151-4BF2-AAC8-4E9BB97C6F82}"
EndProject
Project("{2150E333-8FDC-42A3-9474-1A3956D46DE8}") = "UrlShortener.EntityFrameworkCore", "UrlShortener.EntityFrameworkCore", "{7E9D3BFC-DC7D-4FD3-9BF8-1001E9B207EA}"
EndProject
Project("{2150E333-8FDC-42A3-9474-1A3956D46DE8}") = "UrlShortener.HttpApi", "UrlShortener.HttpApi", "{78D38974-1F28-4D72-A26D-53A93A27BC8D}"
EndProject
Project("{2150E333-8FDC-42A3-9474-1A3956D46DE8}") = "src", "src", "{31561DBA-AEA6-4E21-8DEE-B2C76EF03F6E}"
EndProject
Project("{9A19103F-16F7-4668-BE54-9A1E7A4F7556}") = "UrlShortener.HttpApi.Tests", "test\UrlShortener.HttpApi.Tests\UrlShortener.HttpApi.Tests.csproj", "{2F3BD279-3CDD-473B-8E67-600E159FF15A}"
EndProject
Project("{9A19103F-16F7-4668-BE54-9A1E7A4F7556}") = "UrlShortener.Domain.Tests", "test\UrlShortener.Domain.Tests\UrlShortener.Domain.Tests.csproj", "{9B046BFE-5FED-4822-9FAA-DBB10CAAB84B}"
EndProject
Project("{9A19103F-16F7-4668-BE54-9A1E7A4F7556}") = "UrlShortener.Application.Tests", "test\UrlShortener.Application.Tests\UrlShortener.Application.Tests.csproj", "{0B41F8A7-6DBE-4357-9C92-898E7A5BF120}"
EndProject
Project("{9A19103F-16F7-4668-BE54-9A1E7A4F7556}") = "UrlShortener.HttpApi", "src\UrlShortener.HttpApi\UrlShortener.HttpApi.csproj", "{FB719283-BB8D-4925-B35C-5A327AECE536}"
EndProject
Project("{9A19103F-16F7-4668-BE54-9A1E7A4F7556}") = "UrlShortener.EntityFrameworkCore", "src\UrlShortener.EntityFrameworkCore\UrlShortener.EntityFrameworkCore.csproj", "{34ECE573-0D88-4A7F-95AA-8AB16525B5BE}"
EndProject
Project("{9A19103F-16F7-4668-BE54-9A1E7A4F7556}") = "UrlShortener.Domain.Shared", "src\UrlShortener.Domain.Shared\UrlShortener.Domain.Shared.csproj", "{22239A91-ED69-425A-90C9-61C769EC6398}"
EndProject
Project("{9A19103F-16F7-4668-BE54-9A1E7A4F7556}") = "UrlShortener.Domain", "src\UrlShortener.Domain\UrlShortener.Domain.csproj", "{FC5144B3-0B49-4432-8491-AFE4B3FC548D}"
EndProject
Project("{9A19103F-16F7-4668-BE54-9A1E7A4F7556}") = "UrlShortener.Application", "src\UrlShortener.Application\UrlShortener.Application.csproj", "{DB43EF40-75C8-4FDE-9F00-CC8AF27CD67C}"
EndProject
Global
	GlobalSection(SolutionConfigurationPlatforms) = preSolution
		Debug|Any CPU = Debug|Any CPU
		Release|Any CPU = Release|Any CPU
	EndGlobalSection
	GlobalSection(ProjectConfigurationPlatforms) = postSolution
		{2F3BD279-3CDD-473B-8E67-600E159FF15A}.Debug|Any CPU.ActiveCfg = Debug|Any CPU
		{2F3BD279-3CDD-473B-8E67-600E159FF15A}.Debug|Any CPU.Build.0 = Debug|Any CPU
		{2F3BD279-3CDD-473B-8E67-600E159FF15A}.Release|Any CPU.ActiveCfg = Release|Any CPU
		{2F3BD279-3CDD-473B-8E67-600E159FF15A}.Release|Any CPU.Build.0 = Release|Any CPU
		{9B046BFE-5FED-4822-9FAA-DBB10CAAB84B}.Debug|Any CPU.ActiveCfg = Debug|Any CPU
		{9B046BFE-5FED-4822-9FAA-DBB10CAAB84B}.Debug|Any CPU.Build.0 = Debug|Any CPU
		{9B046BFE-5FED-4822-9FAA-DBB10CAAB84B}.Release|Any CPU.ActiveCfg = Release|Any CPU
		{9B046BFE-5FED-4822-9FAA-DBB10CAAB84B}.Release|Any CPU.Build.0 = Release|Any CPU
		{0B41F8A7-6DBE-4357-9C92-898E7A5BF120}.Debug|Any CPU.ActiveCfg = Debug|Any CPU
		{0B41F8A7-6DBE-4357-9C92-898E7A5BF120}.Debug|Any CPU.Build.0 = Debug|Any CPU
		{0B41F8A7-6DBE-4357-9C92-898E7A5BF120}.Release|Any CPU.ActiveCfg = Release|Any CPU
		{0B41F8A7-6DBE-4357-9C92-898E7A5BF120}.Release|Any CPU.Build.0 = Release|Any CPU
		{FB719283-BB8D-4925-B35C-5A327AECE536}.Debug|Any CPU.ActiveCfg = Debug|Any CPU
		{FB719283-BB8D-4925-B35C-5A327AECE536}.Debug|Any CPU.Build.0 = Debug|Any CPU
		{FB719283-BB8D-4925-B35C-5A327AECE536}.Release|Any CPU.ActiveCfg = Release|Any CPU
		{FB719283-BB8D-4925-B35C-5A327AECE536}.Release|Any CPU.Build.0 = Release|Any CPU
		{34ECE573-0D88-4A7F-95AA-8AB16525B5BE}.Debug|Any CPU.ActiveCfg = Debug|Any CPU
		{34ECE573-0D88-4A7F-95AA-8AB16525B5BE}.Debug|Any CPU.Build.0 = Debug|Any CPU
		{34ECE573-0D88-4A7F-95AA-8AB16525B5BE}.Release|Any CPU.ActiveCfg = Release|Any CPU
		{34ECE573-0D88-4A7F-95AA-8AB16525B5BE}.Release|Any CPU.Build.0 = Release|Any CPU
		{22239A91-ED69-425A-90C9-61C769EC6398}.Debug|Any CPU.ActiveCfg = Debug|Any CPU
		{22239A91-ED69-425A-90C9-61C769EC6398}.Debug|Any CPU.Build.0 = Debug|Any CPU
		{22239A91-ED69-425A-90C9-61C769EC6398}.Release|Any CPU.ActiveCfg = Release|Any CPU
		{22239A91-ED69-425A-90C9-61C769EC6398}.Release|Any CPU.Build.0 = Release|Any CPU
		{FC5144B3-0B49-4432-8491-AFE4B3FC548D}.Debug|Any CPU.ActiveCfg = Debug|Any CPU
		{FC5144B3-0B49-4432-8491-AFE4B3FC548D}.Debug|Any CPU.Build.0 = Debug|Any CPU
		{FC5144B3-0B49-4432-8491-AFE4B3FC548D}.Release|Any CPU.ActiveCfg = Release|Any CPU
		{FC5144B3-0B49-4432-8491-AFE4B3FC548D}.Release|Any CPU.Build.0 = Release|Any CPU
		{DB43EF40-75C8-4FDE-9F00-CC8AF27CD67C}.Debug|Any CPU.ActiveCfg = Debug|Any CPU
		{DB43EF40-75C8-4FDE-9F00-CC8AF27CD67C}.Debug|Any CPU.Build.0 = Debug|Any CPU
		{DB43EF40-75C8-4FDE-9F00-CC8AF27CD67C}.Release|Any CPU.ActiveCfg = Release|Any CPU
		{DB43EF40-75C8-4FDE-9F00-CC8AF27CD67C}.Release|Any CPU.Build.0 = Release|Any CPU
	EndGlobalSection
	GlobalSection(SolutionProperties) = preSolution
		HideSolutionNode = FALSE
	EndGlobalSection
	GlobalSection(NestedProjects) = preSolution
		{E3EDD15F-424B-437A-9B2E-648AA2BFEA15} = {3DD4F556-AF29-4270-8BC8-CC7D40047BEE}
		{C267D1B2-A151-4BF2-AAC8-4E9BB97C6F82} = {3DD4F556-AF29-4270-8BC8-CC7D40047BEE}
		{7E9D3BFC-DC7D-4FD3-9BF8-1001E9B207EA} = {3DD4F556-AF29-4270-8BC8-CC7D40047BEE}
		{78D38974-1F28-4D72-A26D-53A93A27BC8D} = {3DD4F556-AF29-4270-8BC8-CC7D40047BEE}
		{2F3BD279-3CDD-473B-8E67-600E159FF15A} = {78D38974-1F28-4D72-A26D-53A93A27BC8D}
		{9B046BFE-5FED-4822-9FAA-DBB10CAAB84B} = {C267D1B2-A151-4BF2-AAC8-4E9BB97C6F82}
		{0B41F8A7-6DBE-4357-9C92-898E7A5BF120} = {E3EDD15F-424B-437A-9B2E-648AA2BFEA15}
		{FB719283-BB8D-4925-B35C-5A327AECE536} = {31561DBA-AEA6-4E21-8DEE-B2C76EF03F6E}
		{34ECE573-0D88-4A7F-95AA-8AB16525B5BE} = {31561DBA-AEA6-4E21-8DEE-B2C76EF03F6E}
		{22239A91-ED69-425A-90C9-61C769EC6398} = {31561DBA-AEA6-4E21-8DEE-B2C76EF03F6E}
		{FC5144B3-0B49-4432-8491-AFE4B3FC548D} = {31561DBA-AEA6-4E21-8DEE-B2C76EF03F6E}
		{DB43EF40-75C8-4FDE-9F00-CC8AF27CD67C} = {31561DBA-AEA6-4E21-8DEE-B2C76EF03F6E}
	EndGlobalSection
	GlobalSection(ExtensibilityGlobals) = postSolution
		SolutionGuid = {20CE38EE-79B7-4BFE-A8A7-75429656E8A1}
	EndGlobalSection
EndGlobal
