
Microsoft Visual Studio Solution File, Format Version 12.00
# Visual Studio Version 17
VisualStudioVersion = 17.10.35027.167
MinimumVisualStudioVersion = 10.0.40219.1
Project("{E53339B2-1760-4266-BCC7-CA923CBCF16C}") = "docker-compose", "docker-compose.dcproj", "{71D1D7D5-E553-4F06-981F-046611EB8F58}"
EndProject
Project("{2150E333-8FDC-42A3-9474-1A3956D46DE8}") = "test", "test", "{3DD4F556-AF29-4270-8BC8-CC7D40047BEE}"
EndProject
Project("{2150E333-8FDC-42A3-9474-1A3956D46DE8}") = "UrlShortener.Application", "UrlShortener.Application", "{E3EDD15F-424B-437A-9B2E-648AA2BFEA15}"
EndProject
Project("{2150E333-8FDC-42A3-9474-1A3956D46DE8}") = "UrlShortener.Domain", "UrlShortener.Domain", "{C267D1B2-A151-4BF2-AAC8-4E9BB97C6F82}"
EndProject
Project("{2150E333-8FDC-42A3-9474-1A3956D46DE8}") = "UrlShortener.EntityFrameworkCore", "UrlShortener.EntityFrameworkCore", "{7E9D3BFC-DC7D-4FD3-9BF8-1001E9B207EA}"
EndProject
Project("{2150E333-8FDC-42A3-9474-1A3956D46DE8}") = "UrlShortener.HttpApi", "UrlShortener.HttpApi", "{78D38974-1F28-4D72-A26D-53A93A27BC8D}"
EndProject
Project("{2150E333-8FDC-42A3-9474-1A3956D46DE8}") = "src", "src", "{31561DBA-AEA6-4E21-8DEE-B2C76EF03F6E}"
EndProject
Project("{9A19103F-16F7-4668-BE54-9A1E7A4F7556}") = "UrlShortener.HttpApi", "UrlShortener.HttpApi\UrlShortener.HttpApi.csproj", "{5F55A8EC-EF09-43AA-8E51-F442FD9BA32F}"
EndProject
Project("{9A19103F-16F7-4668-BE54-9A1E7A4F7556}") = "UrlShortener.Application", "UrlShortener.Application\UrlShortener.Application.csproj", "{48B8CE21-9C85-4134-9896-D850FA4AE9DE}"
EndProject
Project("{9A19103F-16F7-4668-BE54-9A1E7A4F7556}") = "UrlShortener.Domain", "UrlShortener.Domain\UrlShortener.Domain.csproj", "{28B2B47C-F8DA-4357-9281-7FBE1120C0D4}"
EndProject
Project("{9A19103F-16F7-4668-BE54-9A1E7A4F7556}") = "UrlShortener.Domain.Shared", "UrlShortener.Domain.Shared\UrlShortener.Domain.Shared.csproj", "{24FFF9D1-7596-4883-8802-42198408753D}"
EndProject
Project("{9A19103F-16F7-4668-BE54-9A1E7A4F7556}") = "UrlShortener.EntityFrameworkCore", "UrlShortener.EntityFrameworkCore\UrlShortener.EntityFrameworkCore.csproj", "{B1C77601-F7F4-4660-B2D3-3E0184A1D810}"
EndProject
Project("{9A19103F-16F7-4668-BE54-9A1E7A4F7556}") = "UrlShortener.HttpApi.Tests", "test\UrlShortener.HttpApi.Tests\UrlShortener.HttpApi.Tests.csproj", "{2F3BD279-3CDD-473B-8E67-600E159FF15A}"
EndProject
Project("{9A19103F-16F7-4668-BE54-9A1E7A4F7556}") = "UrlShortener.Domain.Tests", "test\UrlShortener.Domain.Tests\UrlShortener.Domain.Tests.csproj", "{9B046BFE-5FED-4822-9FAA-DBB10CAAB84B}"
EndProject
Project("{FAE04EC0-301F-11D3-BF4B-00C04F79EFBC}") = "UrlShortener.Application.Tests", "test\UrlShortener.Application.Tests\UrlShortener.Application.Tests.csproj", "{0B41F8A7-6DBE-4357-9C92-898E7A5BF120}"
EndProject
Global
	GlobalSection(SolutionConfigurationPlatforms) = preSolution
		Debug|Any CPU = Debug|Any CPU
		Release|Any CPU = Release|Any CPU
	EndGlobalSection
	GlobalSection(ProjectConfigurationPlatforms) = postSolution
		{71D1D7D5-E553-4F06-981F-046611EB8F58}.Debug|Any CPU.ActiveCfg = Debug|Any CPU
		{71D1D7D5-E553-4F06-981F-046611EB8F58}.Debug|Any CPU.Build.0 = Debug|Any CPU
		{71D1D7D5-E553-4F06-981F-046611EB8F58}.Release|Any CPU.ActiveCfg = Release|Any CPU
		{71D1D7D5-E553-4F06-981F-046611EB8F58}.Release|Any CPU.Build.0 = Release|Any CPU
		{5F55A8EC-EF09-43AA-8E51-F442FD9BA32F}.Debug|Any CPU.ActiveCfg = Debug|Any CPU
		{5F55A8EC-EF09-43AA-8E51-F442FD9BA32F}.Debug|Any CPU.Build.0 = Debug|Any CPU
		{5F55A8EC-EF09-43AA-8E51-F442FD9BA32F}.Release|Any CPU.ActiveCfg = Release|Any CPU
		{5F55A8EC-EF09-43AA-8E51-F442FD9BA32F}.Release|Any CPU.Build.0 = Release|Any CPU
		{48B8CE21-9C85-4134-9896-D850FA4AE9DE}.Debug|Any CPU.ActiveCfg = Debug|Any CPU
		{48B8CE21-9C85-4134-9896-D850FA4AE9DE}.Debug|Any CPU.Build.0 = Debug|Any CPU
		{48B8CE21-9C85-4134-9896-D850FA4AE9DE}.Release|Any CPU.ActiveCfg = Release|Any CPU
		{48B8CE21-9C85-4134-9896-D850FA4AE9DE}.Release|Any CPU.Build.0 = Release|Any CPU
		{28B2B47C-F8DA-4357-9281-7FBE1120C0D4}.Debug|Any CPU.ActiveCfg = Debug|Any CPU
		{28B2B47C-F8DA-4357-9281-7FBE1120C0D4}.Debug|Any CPU.Build.0 = Debug|Any CPU
		{28B2B47C-F8DA-4357-9281-7FBE1120C0D4}.Release|Any CPU.ActiveCfg = Release|Any CPU
		{28B2B47C-F8DA-4357-9281-7FBE1120C0D4}.Release|Any CPU.Build.0 = Release|Any CPU
		{24FFF9D1-7596-4883-8802-42198408753D}.Debug|Any CPU.ActiveCfg = Debug|Any CPU
		{24FFF9D1-7596-4883-8802-42198408753D}.Debug|Any CPU.Build.0 = Debug|Any CPU
		{24FFF9D1-7596-4883-8802-42198408753D}.Release|Any CPU.ActiveCfg = Release|Any CPU
		{24FFF9D1-7596-4883-8802-42198408753D}.Release|Any CPU.Build.0 = Release|Any CPU
		{B1C77601-F7F4-4660-B2D3-3E0184A1D810}.Debug|Any CPU.ActiveCfg = Debug|Any CPU
		{B1C77601-F7F4-4660-B2D3-3E0184A1D810}.Debug|Any CPU.Build.0 = Debug|Any CPU
		{B1C77601-F7F4-4660-B2D3-3E0184A1D810}.Release|Any CPU.ActiveCfg = Release|Any CPU
		{B1C77601-F7F4-4660-B2D3-3E0184A1D810}.Release|Any CPU.Build.0 = Release|Any CPU
		{2F3BD279-3CDD-473B-8E67-600E159FF15A}.Debug|Any CPU.ActiveCfg = Debug|Any CPU
		{2F3BD279-3CDD-473B-8E67-600E159FF15A}.Debug|Any CPU.Build.0 = Debug|Any CPU
		{2F3BD279-3CDD-473B-8E67-600E159FF15A}.Release|Any CPU.ActiveCfg = Release|Any CPU
		{2F3BD279-3CDD-473B-8E67-600E159FF15A}.Release|Any CPU.Build.0 = Release|Any CPU
		{9B046BFE-5FED-4822-9FAA-DBB10CAAB84B}.Debug|Any CPU.ActiveCfg = Debug|Any CPU
		{9B046BFE-5FED-4822-9FAA-DBB10CAAB84B}.Debug|Any CPU.Build.0 = Debug|Any CPU
		{9B046BFE-5FED-4822-9FAA-DBB10CAAB84B}.Release|Any CPU.ActiveCfg = Release|Any CPU
		{9B046BFE-5FED-4822-9FAA-DBB10CAAB84B}.Release|Any CPU.Build.0 = Release|Any CPU
		{0B41F8A7-6DBE-4357-9C92-898E7A5BF120}.Debug|Any CPU.ActiveCfg = Debug|Any CPU
		{0B41F8A7-6DBE-4357-9C92-898E7A5BF120}.Debug|Any CPU.Build.0 = Debug|Any CPU
		{0B41F8A7-6DBE-4357-9C92-898E7A5BF120}.Release|Any CPU.ActiveCfg = Release|Any CPU
		{0B41F8A7-6DBE-4357-9C92-898E7A5BF120}.Release|Any CPU.Build.0 = Release|Any CPU
	EndGlobalSection
	GlobalSection(SolutionProperties) = preSolution
		HideSolutionNode = FALSE
	EndGlobalSection
	GlobalSection(NestedProjects) = preSolution
		{E3EDD15F-424B-437A-9B2E-648AA2BFEA15} = {3DD4F556-AF29-4270-8BC8-CC7D40047BEE}
		{C267D1B2-A151-4BF2-AAC8-4E9BB97C6F82} = {3DD4F556-AF29-4270-8BC8-CC7D40047BEE}
		{7E9D3BFC-DC7D-4FD3-9BF8-1001E9B207EA} = {3DD4F556-AF29-4270-8BC8-CC7D40047BEE}
		{78D38974-1F28-4D72-A26D-53A93A27BC8D} = {3DD4F556-AF29-4270-8BC8-CC7D40047BEE}
		{5F55A8EC-EF09-43AA-8E51-F442FD9BA32F} = {31561DBA-AEA6-4E21-8DEE-B2C76EF03F6E}
		{48B8CE21-9C85-4134-9896-D850FA4AE9DE} = {31561DBA-AEA6-4E21-8DEE-B2C76EF03F6E}
		{28B2B47C-F8DA-4357-9281-7FBE1120C0D4} = {31561DBA-AEA6-4E21-8DEE-B2C76EF03F6E}
		{24FFF9D1-7596-4883-8802-42198408753D} = {31561DBA-AEA6-4E21-8DEE-B2C76EF03F6E}
		{B1C77601-F7F4-4660-B2D3-3E0184A1D810} = {31561DBA-AEA6-4E21-8DEE-B2C76EF03F6E}
		{2F3BD279-3CDD-473B-8E67-600E159FF15A} = {78D38974-1F28-4D72-A26D-53A93A27BC8D}
		{9B046BFE-5FED-4822-9FAA-DBB10CAAB84B} = {C267D1B2-A151-4BF2-AAC8-4E9BB97C6F82}
		{0B41F8A7-6DBE-4357-9C92-898E7A5BF120} = {E3EDD15F-424B-437A-9B2E-648AA2BFEA15}
	EndGlobalSection
	GlobalSection(ExtensibilityGlobals) = postSolution
		SolutionGuid = {20CE38EE-79B7-4BFE-A8A7-75429656E8A1}
	EndGlobalSection
EndGlobal
